# Generated by move; do not edit
# This file should be checked in.

[move]
version = 4

[pinned.testnet.MoveStdlib]
source = { git = "https://github.com/MystenLabs/sui.git", subdir = "crates/sui-framework/packages/move-stdlib", rev = "384b1c7ff289b32ed2664f29dc47dbc879fa43ee" }
use_environment = "testnet"
manifest_digest = "C4FE4C91DE74CBF223B2E380AE40F592177D21870DC2D7EB6227D2D694E05363"
deps = {}

[pinned.testnet.MoveStdlib_1]
source = { git = "https://github.com/MystenLabs/sui.git", subdir = "crates/sui-framework/packages/move-stdlib", rev = "6c3a7475b6fd4aea9b9f9443a6cfad01a135c036" }
use_environment = "testnet"
manifest_digest = "C4FE4C91DE74CBF223B2E380AE40F592177D21870DC2D7EB6227D2D694E05363"
deps = {}

[pinned.testnet.Sui]
source = { git = "https://github.com/MystenLabs/sui.git", subdir = "crates/sui-framework/packages/sui-framework", rev = "384b1c7ff289b32ed2664f29dc47dbc879fa43ee" }
use_environment = "testnet"
manifest_digest = "7AFB66695545775FBFBB2D3078ADFD084244D5002392E837FDE21D9EA1C6D01C"
deps = { MoveStdlib = "MoveStdlib" }

[pinned.testnet.Sui_1]
source = { git = "https://github.com/MystenLabs/sui.git", subdir = "crates/sui-framework/packages/sui-framework", rev = "6c3a7475b6fd4aea9b9f9443a6cfad01a135c036" }
use_environment = "testnet"
manifest_digest = "7AFB66695545775FBFBB2D3078ADFD084244D5002392E837FDE21D9EA1C6D01C"
deps = { MoveStdlib = "MoveStdlib_1" }

[pinned.testnet.WAL]
source = { git = "https://github.com/MystenLabs/walrus.git", subdir = "testnet-contracts/wal", rev = "11e35f36cd34fdb15a7f1dc6ffef822038d1ef3e" }
use_environment = "testnet"
manifest_digest = "6E4924068FE75A92F3EEC4C2EA5494318C8E35373307BE8E4B849D6E939F291A"
deps = { Sui = "Sui_1" }

[pinned.testnet.Walrus]
source = { git = "https://github.com/MystenLabs/walrus.git", subdir = "testnet-contracts/walrus", rev = "11e35f36cd34fdb15a7f1dc6ffef822038d1ef3e" }
use_environment = "testnet"
manifest_digest = "A81692ECD4B3963AD2C3E7C82065C6B612744E4D17D2DBCDFE74C890D3A8EAA8"
deps = { Sui = "Sui_1", WAL = "WAL" }

[pinned.testnet.aava]
source = { root = true }
use_environment = "testnet"
manifest_digest = "D7460B83515CBA87060DF12398B65A2E205C95E3129B3360E7574B5D410573CA"
deps = { std = "MoveStdlib", sui = "Sui", wal = "WAL", walrus = "Walrus" }
